
Microsoft Visual Studio Solution File, Format Version 12.00
# Visual Studio 15
Project("{FAE04EC0-301F-11D3-BF4B-00C04F79EFBC}") = "BlurFacePixels", "BlurFacePixels\BlurFacePixels.csproj", "{BFCE1963-5599-4FB5-9BC4-B5456F82D81C}"
EndProject
Global
	GlobalSection(SolutionConfigurationPlatforms) = preSolution
		Debug|Any CPU = Debug|Any CPU
		Release|Any CPU = Release|Any CPU
	EndGlobalSection
	GlobalSection(ProjectConfigurationPlatforms) = postSolution
		{BFCE1963-5599-4FB5-9BC4-B5456F82D81C}.Debug|Any CPU.ActiveCfg = Debug|Any CPU
		{BFCE1963-5599-4FB5-9BC4-B5456F82D81C}.Debug|Any CPU.Build.0 = Debug|Any CPU
		{BFCE1963-5599-4FB5-9BC4-B5456F82D81C}.Release|Any CPU.ActiveCfg = Release|Any CPU
		{BFCE1963-5599-4FB5-9BC4-B5456F82D81C}.Release|Any CPU.Build.0 = Release|Any CPU
	EndGlobalSection
EndGlobal
